
Microsoft Visual Studio Solution File, Format Version 12.00
# Visual Studio Version 16
VisualStudioVersion = 16.0.31702.278
MinimumVisualStudioVersion = 10.0.40219.1
Project("{FAE04EC0-301F-11D3-BF4B-00C04F79EFBC}") = "ExandasPostgres", "ExandasPostgres\ExandasPostgres.csproj", "{F07B807D-FB00-42E4-8C33-0E48AD9E036F}"
EndProject
Global
	GlobalSection(SolutionConfigurationPlatforms) = preSolution
		Debug|Any CPU = Debug|Any CPU
		Release|Any CPU = Release|Any CPU
	EndGlobalSection
	GlobalSection(ProjectConfigurationPlatforms) = postSolution
		{F07B807D-FB00-42E4-8C33-0E48AD9E036F}.Debug|Any CPU.ActiveCfg = Debug|Any CPU
		{F07B807D-FB00-42E4-8C33-0E48AD9E036F}.Debug|Any CPU.Build.0 = Debug|Any CPU
		{F07B807D-FB00-42E4-8C33-0E48AD9E036F}.Release|Any CPU.ActiveCfg = Release|Any CPU
		{F07B807D-FB00-42E4-8C33-0E48AD9E036F}.Release|Any CPU.Build.0 = Release|Any CPU
	EndGlobalSection
	GlobalSection(SolutionProperties) = preSolution
		HideSolutionNode = FALSE
	EndGlobalSection
	GlobalSection(ExtensibilityGlobals) = postSolution
		SolutionGuid = {B4E1753C-4494-465D-AECD-08B61760A907}
	EndGlobalSection
EndGlobal
